
Microsoft Visual Studio Solution File, Format Version 12.00
# Visual Studio 14
VisualStudioVersion = 14.0.25420.1
MinimumVisualStudioVersion = 10.0.40219.1
Project("{FAE04EC0-301F-11D3-BF4B-00C04F79EFBC}") = "ParkingLotDetector", "ParkingLotDetector\ParkingLotDetector.csproj", "{4D9D5631-1A9D-42CE-9A56-83E96B6E0306}"
EndProject
Project("{FAE04EC0-301F-11D3-BF4B-00C04F79EFBC}") = "ParkingLotDetectorTests", "ParkingLotDetectorTests\ParkingLotDetectorTests.csproj", "{74BEB322-FB07-4A0C-8830-2E35027F9FAB}"
EndProject
Project("{FAE04EC0-301F-11D3-BF4B-00C04F79EFBC}") = "ParkingLotDetector.UI", "ParkingLotDetector.UI\ParkingLotDetector.UI.csproj", "{E848049B-73C0-4C80-B3C2-6D3FCF202040}"
EndProject
Global
	GlobalSection(SolutionConfigurationPlatforms) = preSolution
		Debug|Any CPU = Debug|Any CPU
		Release|Any CPU = Release|Any CPU
	EndGlobalSection
	GlobalSection(ProjectConfigurationPlatforms) = postSolution
		{4D9D5631-1A9D-42CE-9A56-83E96B6E0306}.Debug|Any CPU.ActiveCfg = Debug|Any CPU
		{4D9D5631-1A9D-42CE-9A56-83E96B6E0306}.Debug|Any CPU.Build.0 = Debug|Any CPU
		{4D9D5631-1A9D-42CE-9A56-83E96B6E0306}.Release|Any CPU.ActiveCfg = Release|Any CPU
		{4D9D5631-1A9D-42CE-9A56-83E96B6E0306}.Release|Any CPU.Build.0 = Release|Any CPU
		{74BEB322-FB07-4A0C-8830-2E35027F9FAB}.Debug|Any CPU.ActiveCfg = Debug|Any CPU
		{74BEB322-FB07-4A0C-8830-2E35027F9FAB}.Debug|Any CPU.Build.0 = Debug|Any CPU
		{74BEB322-FB07-4A0C-8830-2E35027F9FAB}.Release|Any CPU.ActiveCfg = Release|Any CPU
		{74BEB322-FB07-4A0C-8830-2E35027F9FAB}.Release|Any CPU.Build.0 = Release|Any CPU
		{E848049B-73C0-4C80-B3C2-6D3FCF202040}.Debug|Any CPU.ActiveCfg = Debug|Any CPU
		{E848049B-73C0-4C80-B3C2-6D3FCF202040}.Debug|Any CPU.Build.0 = Debug|Any CPU
		{E848049B-73C0-4C80-B3C2-6D3FCF202040}.Release|Any CPU.ActiveCfg = Release|Any CPU
		{E848049B-73C0-4C80-B3C2-6D3FCF202040}.Release|Any CPU.Build.0 = Release|Any CPU
	EndGlobalSection
	GlobalSection(SolutionProperties) = preSolution
		HideSolutionNode = FALSE
	EndGlobalSection
EndGlobal
